// !$*UTF8*$!
{
	archiveVersion = 1;
	classes = {
	};
	objectVersion = 51;
	objects = {

/* Begin PBXBuildFile section */
		2CA4396316CAE4D783A80492 /* Pods_TakeawayTestTests.framework in Frameworks */ = {isa = PBXBuildFile; fileRef = 74B72EDD46F75152D722A719 /* Pods_TakeawayTestTests.framework */; };
		4067B425BA38ECC523EC0DE1 /* Pods_TakeawayTest_TakeawayTestUITests.framework in Frameworks */ = {isa = PBXBuildFile; fileRef = 41F78D2E50D7D7DE121E8159 /* Pods_TakeawayTest_TakeawayTestUITests.framework */; };
		6989D5C65490A635E1F83A00 /* Pods_TakeawayTest.framework in Frameworks */ = {isa = PBXBuildFile; fileRef = 9C2343DDC497BA958659B801 /* Pods_TakeawayTest.framework */; };
		6C00AAE825681062003A9159 /* Double+Formatting.swift in Sources */ = {isa = PBXBuildFile; fileRef = 6C00AAE725681062003A9159 /* Double+Formatting.swift */; };
		6C2501BA2566DF9D003B7C0F /* RestaurantsData.json in Resources */ = {isa = PBXBuildFile; fileRef = 6C2501B92566DF9D003B7C0F /* RestaurantsData.json */; };
		6C2501BC2566DFCF003B7C0F /* RestaurantsLocalLoader.swift in Sources */ = {isa = PBXBuildFile; fileRef = 6C2501BB2566DFCF003B7C0F /* RestaurantsLocalLoader.swift */; };
		6C2501BE2566E028003B7C0F /* Data+Codable.swift in Sources */ = {isa = PBXBuildFile; fileRef = 6C2501BD2566E028003B7C0F /* Data+Codable.swift */; };
		6C2501C02566E043003B7C0F /* Logger.swift in Sources */ = {isa = PBXBuildFile; fileRef = 6C2501BF2566E043003B7C0F /* Logger.swift */; };
		6C2501C22566E050003B7C0F /* Bundle+Decoder.swift in Sources */ = {isa = PBXBuildFile; fileRef = 6C2501C12566E050003B7C0F /* Bundle+Decoder.swift */; };
		6C2501C42566E092003B7C0F /* NetworkError.swift in Sources */ = {isa = PBXBuildFile; fileRef = 6C2501C32566E092003B7C0F /* NetworkError.swift */; };
		6C2501C62566E111003B7C0F /* Restaurant.swift in Sources */ = {isa = PBXBuildFile; fileRef = 6C2501C52566E111003B7C0F /* Restaurant.swift */; };
		6C7B1B662566FA03008DE835 /* UIViewController+Error.swift in Sources */ = {isa = PBXBuildFile; fileRef = 6C7B1B652566FA03008DE835 /* UIViewController+Error.swift */; };
		6C7B1B6925670460008DE835 /* RatingBar.swift in Sources */ = {isa = PBXBuildFile; fileRef = 6C7B1B6825670460008DE835 /* RatingBar.swift */; };
		6C7B1B6B25670A52008DE835 /* UIView+Constrains.swift in Sources */ = {isa = PBXBuildFile; fileRef = 6C7B1B6A25670A52008DE835 /* UIView+Constrains.swift */; };
		6C7B1B6D256716B0008DE835 /* NSAttributedString+Image.swift in Sources */ = {isa = PBXBuildFile; fileRef = 6C7B1B6C256716B0008DE835 /* NSAttributedString+Image.swift */; };
		6C7B1B6F2567254F008DE835 /* UIView+Layer.swift in Sources */ = {isa = PBXBuildFile; fileRef = 6C7B1B6E2567254F008DE835 /* UIView+Layer.swift */; };
		6C7B1B7125672614008DE835 /* PaddingLabel.swift in Sources */ = {isa = PBXBuildFile; fileRef = 6C7B1B7025672614008DE835 /* PaddingLabel.swift */; };
		6C7B1B73256736DB008DE835 /* Action.swift in Sources */ = {isa = PBXBuildFile; fileRef = 6C7B1B72256736DB008DE835 /* Action.swift */; };
		6C7B1B7725673990008DE835 /* SortingController.swift in Sources */ = {isa = PBXBuildFile; fileRef = 6C7B1B7625673990008DE835 /* SortingController.swift */; };
		6CA243EC256A027C00FC4E7A /* RestaurantsViewModelTests.swift in Sources */ = {isa = PBXBuildFile; fileRef = 6CA243EB256A027C00FC4E7A /* RestaurantsViewModelTests.swift */; };
		6CA243EE256A02D900FC4E7A /* ActivityIndicatorView.swift in Sources */ = {isa = PBXBuildFile; fileRef = 6CA243ED256A02D900FC4E7A /* ActivityIndicatorView.swift */; };
		6CA243F1256A039700FC4E7A /* Restaurant+Sorting.swift in Sources */ = {isa = PBXBuildFile; fileRef = 6CA243F0256A039600FC4E7A /* Restaurant+Sorting.swift */; };
		6CBD34EF2566D52C009053D1 /* AppDelegate.swift in Sources */ = {isa = PBXBuildFile; fileRef = 6CBD34EE2566D52C009053D1 /* AppDelegate.swift */; };
		6CBD34F12566D52C009053D1 /* SceneDelegate.swift in Sources */ = {isa = PBXBuildFile; fileRef = 6CBD34F02566D52C009053D1 /* SceneDelegate.swift */; };
		6CBD34F52566D52D009053D1 /* Assets.xcassets in Resources */ = {isa = PBXBuildFile; fileRef = 6CBD34F42566D52D009053D1 /* Assets.xcassets */; };
		6CBD34FB2566D52D009053D1 /* LaunchScreen.storyboard in Resources */ = {isa = PBXBuildFile; fileRef = 6CBD34F92566D52D009053D1 /* LaunchScreen.storyboard */; };
		6CBD35112566D52D009053D1 /* TakeawayTestUITests.swift in Sources */ = {isa = PBXBuildFile; fileRef = 6CBD35102566D52D009053D1 /* TakeawayTestUITests.swift */; };
		6CBD351F2566D61D009053D1 /* RestaurantsTableController.swift in Sources */ = {isa = PBXBuildFile; fileRef = 6CBD351E2566D61D009053D1 /* RestaurantsTableController.swift */; };
		6CBD35242566D72A009053D1 /* TableView+Cell.swift in Sources */ = {isa = PBXBuildFile; fileRef = 6CBD35232566D72A009053D1 /* TableView+Cell.swift */; };
		6CBD35282566D772009053D1 /* RestaurantTableCell.swift in Sources */ = {isa = PBXBuildFile; fileRef = 6CBD35262566D772009053D1 /* RestaurantTableCell.swift */; };
		6CBD35292566D772009053D1 /* RestaurantTableCell.xib in Resources */ = {isa = PBXBuildFile; fileRef = 6CBD35272566D772009053D1 /* RestaurantTableCell.xib */; };
		6CBD352B2566D8E7009053D1 /* RestaurantsViewModel.swift in Sources */ = {isa = PBXBuildFile; fileRef = 6CBD352A2566D8E7009053D1 /* RestaurantsViewModel.swift */; };
		6CBD352D2566DDC2009053D1 /* AppNavigator.swift in Sources */ = {isa = PBXBuildFile; fileRef = 6CBD352C2566DDC2009053D1 /* AppNavigator.swift */; };
		6CBD352F2566DDD8009053D1 /* Destination.swift in Sources */ = {isa = PBXBuildFile; fileRef = 6CBD352E2566DDD8009053D1 /* Destination.swift */; };
		6CF0AE1625673EA7002A1D21 /* SortingCell.swift in Sources */ = {isa = PBXBuildFile; fileRef = 6CF0AE1425673EA7002A1D21 /* SortingCell.swift */; };
/* End PBXBuildFile section */

/* Begin PBXContainerItemProxy section */
		6CBD35022566D52D009053D1 /* PBXContainerItemProxy */ = {
			isa = PBXContainerItemProxy;
			containerPortal = 6CBD34E32566D52C009053D1 /* Project object */;
			proxyType = 1;
			remoteGlobalIDString = 6CBD34EA2566D52C009053D1;
			remoteInfo = TakeawayTest;
		};
		6CBD350D2566D52D009053D1 /* PBXContainerItemProxy */ = {
			isa = PBXContainerItemProxy;
			containerPortal = 6CBD34E32566D52C009053D1 /* Project object */;
			proxyType = 1;
			remoteGlobalIDString = 6CBD34EA2566D52C009053D1;
			remoteInfo = TakeawayTest;
		};
/* End PBXContainerItemProxy section */

/* Begin PBXFileReference section */
		20E3F701E4A5C84A958930EF /* Pods-TakeawayTest.debug.xcconfig */ = {isa = PBXFileReference; includeInIndex = 1; lastKnownFileType = text.xcconfig; name = "Pods-TakeawayTest.debug.xcconfig"; path = "Target Support Files/Pods-TakeawayTest/Pods-TakeawayTest.debug.xcconfig"; sourceTree = "<group>"; };
		270352E20F3A8072F8DED587 /* Pods-TakeawayTestTests.debug.xcconfig */ = {isa = PBXFileReference; includeInIndex = 1; lastKnownFileType = text.xcconfig; name = "Pods-TakeawayTestTests.debug.xcconfig"; path = "Target Support Files/Pods-TakeawayTestTests/Pods-TakeawayTestTests.debug.xcconfig"; sourceTree = "<group>"; };
		41F78D2E50D7D7DE121E8159 /* Pods_TakeawayTest_TakeawayTestUITests.framework */ = {isa = PBXFileReference; explicitFileType = wrapper.framework; includeInIndex = 0; path = Pods_TakeawayTest_TakeawayTestUITests.framework; sourceTree = BUILT_PRODUCTS_DIR; };
		6C00AAE725681062003A9159 /* Double+Formatting.swift */ = {isa = PBXFileReference; lastKnownFileType = sourcecode.swift; path = "Double+Formatting.swift"; sourceTree = "<group>"; };
		6C2501B92566DF9D003B7C0F /* RestaurantsData.json */ = {isa = PBXFileReference; fileEncoding = 4; lastKnownFileType = text.json; path = RestaurantsData.json; sourceTree = "<group>"; };
		6C2501BB2566DFCF003B7C0F /* RestaurantsLocalLoader.swift */ = {isa = PBXFileReference; lastKnownFileType = sourcecode.swift; path = RestaurantsLocalLoader.swift; sourceTree = "<group>"; };
		6C2501BD2566E028003B7C0F /* Data+Codable.swift */ = {isa = PBXFileReference; lastKnownFileType = sourcecode.swift; path = "Data+Codable.swift"; sourceTree = "<group>"; };
		6C2501BF2566E043003B7C0F /* Logger.swift */ = {isa = PBXFileReference; lastKnownFileType = sourcecode.swift; path = Logger.swift; sourceTree = "<group>"; };
		6C2501C12566E050003B7C0F /* Bundle+Decoder.swift */ = {isa = PBXFileReference; lastKnownFileType = sourcecode.swift; path = "Bundle+Decoder.swift"; sourceTree = "<group>"; };
		6C2501C32566E092003B7C0F /* NetworkError.swift */ = {isa = PBXFileReference; lastKnownFileType = sourcecode.swift; path = NetworkError.swift; sourceTree = "<group>"; };
		6C2501C52566E111003B7C0F /* Restaurant.swift */ = {isa = PBXFileReference; lastKnownFileType = sourcecode.swift; path = Restaurant.swift; sourceTree = "<group>"; };
		6C7B1B652566FA03008DE835 /* UIViewController+Error.swift */ = {isa = PBXFileReference; lastKnownFileType = sourcecode.swift; path = "UIViewController+Error.swift"; sourceTree = "<group>"; };
		6C7B1B6825670460008DE835 /* RatingBar.swift */ = {isa = PBXFileReference; lastKnownFileType = sourcecode.swift; path = RatingBar.swift; sourceTree = "<group>"; };
		6C7B1B6A25670A52008DE835 /* UIView+Constrains.swift */ = {isa = PBXFileReference; lastKnownFileType = sourcecode.swift; path = "UIView+Constrains.swift"; sourceTree = "<group>"; };
		6C7B1B6C256716B0008DE835 /* NSAttributedString+Image.swift */ = {isa = PBXFileReference; lastKnownFileType = sourcecode.swift; path = "NSAttributedString+Image.swift"; sourceTree = "<group>"; };
		6C7B1B6E2567254F008DE835 /* UIView+Layer.swift */ = {isa = PBXFileReference; lastKnownFileType = sourcecode.swift; path = "UIView+Layer.swift"; sourceTree = "<group>"; };
		6C7B1B7025672614008DE835 /* PaddingLabel.swift */ = {isa = PBXFileReference; lastKnownFileType = sourcecode.swift; path = PaddingLabel.swift; sourceTree = "<group>"; };
		6C7B1B72256736DB008DE835 /* Action.swift */ = {isa = PBXFileReference; lastKnownFileType = sourcecode.swift; path = Action.swift; sourceTree = "<group>"; };
		6C7B1B7625673990008DE835 /* SortingController.swift */ = {isa = PBXFileReference; lastKnownFileType = sourcecode.swift; path = SortingController.swift; sourceTree = "<group>"; };
		6CA243EB256A027C00FC4E7A /* RestaurantsViewModelTests.swift */ = {isa = PBXFileReference; fileEncoding = 4; lastKnownFileType = sourcecode.swift; path = RestaurantsViewModelTests.swift; sourceTree = "<group>"; };
		6CA243ED256A02D900FC4E7A /* ActivityIndicatorView.swift */ = {isa = PBXFileReference; fileEncoding = 4; lastKnownFileType = sourcecode.swift; path = ActivityIndicatorView.swift; sourceTree = "<group>"; };
		6CA243F0256A039600FC4E7A /* Restaurant+Sorting.swift */ = {isa = PBXFileReference; fileEncoding = 4; lastKnownFileType = sourcecode.swift; path = "Restaurant+Sorting.swift"; sourceTree = "<group>"; };
		6CBD34EB2566D52C009053D1 /* TakeawayTest.app */ = {isa = PBXFileReference; explicitFileType = wrapper.application; includeInIndex = 0; path = TakeawayTest.app; sourceTree = BUILT_PRODUCTS_DIR; };
		6CBD34EE2566D52C009053D1 /* AppDelegate.swift */ = {isa = PBXFileReference; lastKnownFileType = sourcecode.swift; path = AppDelegate.swift; sourceTree = "<group>"; };
		6CBD34F02566D52C009053D1 /* SceneDelegate.swift */ = {isa = PBXFileReference; lastKnownFileType = sourcecode.swift; path = SceneDelegate.swift; sourceTree = "<group>"; };
		6CBD34F42566D52D009053D1 /* Assets.xcassets */ = {isa = PBXFileReference; lastKnownFileType = folder.assetcatalog; path = Assets.xcassets; sourceTree = "<group>"; };
		6CBD34FA2566D52D009053D1 /* Base */ = {isa = PBXFileReference; lastKnownFileType = file.storyboard; name = Base; path = Base.lproj/LaunchScreen.storyboard; sourceTree = "<group>"; };
		6CBD34FC2566D52D009053D1 /* Info.plist */ = {isa = PBXFileReference; lastKnownFileType = text.plist.xml; path = Info.plist; sourceTree = "<group>"; };
		6CBD35012566D52D009053D1 /* TakeawayTestTests.xctest */ = {isa = PBXFileReference; explicitFileType = wrapper.cfbundle; includeInIndex = 0; path = TakeawayTestTests.xctest; sourceTree = BUILT_PRODUCTS_DIR; };
		6CBD35072566D52D009053D1 /* Info.plist */ = {isa = PBXFileReference; lastKnownFileType = text.plist.xml; path = Info.plist; sourceTree = "<group>"; };
		6CBD350C2566D52D009053D1 /* TakeawayTestUITests.xctest */ = {isa = PBXFileReference; explicitFileType = wrapper.cfbundle; includeInIndex = 0; path = TakeawayTestUITests.xctest; sourceTree = BUILT_PRODUCTS_DIR; };
		6CBD35102566D52D009053D1 /* TakeawayTestUITests.swift */ = {isa = PBXFileReference; lastKnownFileType = sourcecode.swift; path = TakeawayTestUITests.swift; sourceTree = "<group>"; };
		6CBD35122566D52D009053D1 /* Info.plist */ = {isa = PBXFileReference; lastKnownFileType = text.plist.xml; path = Info.plist; sourceTree = "<group>"; };
		6CBD351E2566D61D009053D1 /* RestaurantsTableController.swift */ = {isa = PBXFileReference; lastKnownFileType = sourcecode.swift; path = RestaurantsTableController.swift; sourceTree = "<group>"; };
		6CBD35232566D72A009053D1 /* TableView+Cell.swift */ = {isa = PBXFileReference; lastKnownFileType = sourcecode.swift; path = "TableView+Cell.swift"; sourceTree = "<group>"; };
		6CBD35262566D772009053D1 /* RestaurantTableCell.swift */ = {isa = PBXFileReference; lastKnownFileType = sourcecode.swift; path = RestaurantTableCell.swift; sourceTree = "<group>"; };
		6CBD35272566D772009053D1 /* RestaurantTableCell.xib */ = {isa = PBXFileReference; lastKnownFileType = file.xib; path = RestaurantTableCell.xib; sourceTree = "<group>"; };
		6CBD352A2566D8E7009053D1 /* RestaurantsViewModel.swift */ = {isa = PBXFileReference; lastKnownFileType = sourcecode.swift; path = RestaurantsViewModel.swift; sourceTree = "<group>"; };
		6CBD352C2566DDC2009053D1 /* AppNavigator.swift */ = {isa = PBXFileReference; lastKnownFileType = sourcecode.swift; path = AppNavigator.swift; sourceTree = "<group>"; };
		6CBD352E2566DDD8009053D1 /* Destination.swift */ = {isa = PBXFileReference; lastKnownFileType = sourcecode.swift; path = Destination.swift; sourceTree = "<group>"; };
		6CF0AE1425673EA7002A1D21 /* SortingCell.swift */ = {isa = PBXFileReference; lastKnownFileType = sourcecode.swift; path = SortingCell.swift; sourceTree = "<group>"; };
		74B72EDD46F75152D722A719 /* Pods_TakeawayTestTests.framework */ = {isa = PBXFileReference; explicitFileType = wrapper.framework; includeInIndex = 0; path = Pods_TakeawayTestTests.framework; sourceTree = BUILT_PRODUCTS_DIR; };
		8F223D54CA58C58F92A2EEC0 /* Pods-TakeawayTest-TakeawayTestUITests.debug.xcconfig */ = {isa = PBXFileReference; includeInIndex = 1; lastKnownFileType = text.xcconfig; name = "Pods-TakeawayTest-TakeawayTestUITests.debug.xcconfig"; path = "Target Support Files/Pods-TakeawayTest-TakeawayTestUITests/Pods-TakeawayTest-TakeawayTestUITests.debug.xcconfig"; sourceTree = "<group>"; };
		9C2343DDC497BA958659B801 /* Pods_TakeawayTest.framework */ = {isa = PBXFileReference; explicitFileType = wrapper.framework; includeInIndex = 0; path = Pods_TakeawayTest.framework; sourceTree = BUILT_PRODUCTS_DIR; };
		A2303EEBDC94EBF81B43FD8A /* Pods-TakeawayTestTests.release.xcconfig */ = {isa = PBXFileReference; includeInIndex = 1; lastKnownFileType = text.xcconfig; name = "Pods-TakeawayTestTests.release.xcconfig"; path = "Target Support Files/Pods-TakeawayTestTests/Pods-TakeawayTestTests.release.xcconfig"; sourceTree = "<group>"; };
		D1A24AF47F6E35D74472E5E2 /* Pods-TakeawayTest-TakeawayTestUITests.release.xcconfig */ = {isa = PBXFileReference; includeInIndex = 1; lastKnownFileType = text.xcconfig; name = "Pods-TakeawayTest-TakeawayTestUITests.release.xcconfig"; path = "Target Support Files/Pods-TakeawayTest-TakeawayTestUITests/Pods-TakeawayTest-TakeawayTestUITests.release.xcconfig"; sourceTree = "<group>"; };
		FB2F481E76228A65772C2064 /* Pods-TakeawayTest.release.xcconfig */ = {isa = PBXFileReference; includeInIndex = 1; lastKnownFileType = text.xcconfig; name = "Pods-TakeawayTest.release.xcconfig"; path = "Target Support Files/Pods-TakeawayTest/Pods-TakeawayTest.release.xcconfig"; sourceTree = "<group>"; };
/* End PBXFileReference section */

/* Begin PBXFrameworksBuildPhase section */
		6CBD34E82566D52C009053D1 /* Frameworks */ = {
			isa = PBXFrameworksBuildPhase;
			buildActionMask = 2147483647;
			files = (
				6989D5C65490A635E1F83A00 /* Pods_TakeawayTest.framework in Frameworks */,
			);
			runOnlyForDeploymentPostprocessing = 0;
		};
		6CBD34FE2566D52D009053D1 /* Frameworks */ = {
			isa = PBXFrameworksBuildPhase;
			buildActionMask = 2147483647;
			files = (
				2CA4396316CAE4D783A80492 /* Pods_TakeawayTestTests.framework in Frameworks */,
			);
			runOnlyForDeploymentPostprocessing = 0;
		};
		6CBD35092566D52D009053D1 /* Frameworks */ = {
			isa = PBXFrameworksBuildPhase;
			buildActionMask = 2147483647;
			files = (
				4067B425BA38ECC523EC0DE1 /* Pods_TakeawayTest_TakeawayTestUITests.framework in Frameworks */,
			);
			runOnlyForDeploymentPostprocessing = 0;
		};
/* End PBXFrameworksBuildPhase section */

/* Begin PBXGroup section */
		0D3E2335DF4CEC70FB92434D /* Pods */ = {
			isa = PBXGroup;
			children = (
				20E3F701E4A5C84A958930EF /* Pods-TakeawayTest.debug.xcconfig */,
				FB2F481E76228A65772C2064 /* Pods-TakeawayTest.release.xcconfig */,
				8F223D54CA58C58F92A2EEC0 /* Pods-TakeawayTest-TakeawayTestUITests.debug.xcconfig */,
				D1A24AF47F6E35D74472E5E2 /* Pods-TakeawayTest-TakeawayTestUITests.release.xcconfig */,
				270352E20F3A8072F8DED587 /* Pods-TakeawayTestTests.debug.xcconfig */,
				A2303EEBDC94EBF81B43FD8A /* Pods-TakeawayTestTests.release.xcconfig */,
			);
			path = Pods;
			sourceTree = "<group>";
		};
		18605104CFD693237A391834 /* Frameworks */ = {
			isa = PBXGroup;
			children = (
				9C2343DDC497BA958659B801 /* Pods_TakeawayTest.framework */,
				41F78D2E50D7D7DE121E8159 /* Pods_TakeawayTest_TakeawayTestUITests.framework */,
				74B72EDD46F75152D722A719 /* Pods_TakeawayTestTests.framework */,
			);
			name = Frameworks;
			sourceTree = "<group>";
		};
		6C2501B82566DF6B003B7C0F /* Navigation */ = {
			isa = PBXGroup;
			children = (
				6CBD352C2566DDC2009053D1 /* AppNavigator.swift */,
				6CBD352E2566DDD8009053D1 /* Destination.swift */,
			);
			path = Navigation;
			sourceTree = "<group>";
		};
		6C7B1B6725670405008DE835 /* Components */ = {
			isa = PBXGroup;
			children = (
				6CA243ED256A02D900FC4E7A /* ActivityIndicatorView.swift */,
				6C2501BF2566E043003B7C0F /* Logger.swift */,
				6C7B1B6825670460008DE835 /* RatingBar.swift */,
				6C7B1B7025672614008DE835 /* PaddingLabel.swift */,
			);
			path = Components;
			sourceTree = "<group>";
		};
		6C7B1B742567394F008DE835 /* RestaurantsList */ = {
			isa = PBXGroup;
			children = (
				6CBD352A2566D8E7009053D1 /* RestaurantsViewModel.swift */,
				6CBD351E2566D61D009053D1 /* RestaurantsTableController.swift */,
				6CBD35262566D772009053D1 /* RestaurantTableCell.swift */,
				6CBD35272566D772009053D1 /* RestaurantTableCell.xib */,
				6C2501BB2566DFCF003B7C0F /* RestaurantsLocalLoader.swift */,
				6C2501C52566E111003B7C0F /* Restaurant.swift */,
				6CA243F0256A039600FC4E7A /* Restaurant+Sorting.swift */,
				6C7B1B72256736DB008DE835 /* Action.swift */,
				6C2501B92566DF9D003B7C0F /* RestaurantsData.json */,
			);
			path = RestaurantsList;
			sourceTree = "<group>";
		};
		6C7B1B7525673973008DE835 /* Filter */ = {
			isa = PBXGroup;
			children = (
				6C7B1B7625673990008DE835 /* SortingController.swift */,
				6CF0AE1425673EA7002A1D21 /* SortingCell.swift */,
			);
			path = Filter;
			sourceTree = "<group>";
		};
		6CBD34E22566D52C009053D1 = {
			isa = PBXGroup;
			children = (
				6CBD34ED2566D52C009053D1 /* TakeawayTest */,
				6CBD35042566D52D009053D1 /* TakeawayTestTests */,
				6CBD350F2566D52D009053D1 /* TakeawayTestUITests */,
				6CBD34EC2566D52C009053D1 /* Products */,
				0D3E2335DF4CEC70FB92434D /* Pods */,
				18605104CFD693237A391834 /* Frameworks */,
			);
			sourceTree = "<group>";
		};
		6CBD34EC2566D52C009053D1 /* Products */ = {
			isa = PBXGroup;
			children = (
				6CBD34EB2566D52C009053D1 /* TakeawayTest.app */,
				6CBD35012566D52D009053D1 /* TakeawayTestTests.xctest */,
				6CBD350C2566D52D009053D1 /* TakeawayTestUITests.xctest */,
			);
			name = Products;
			sourceTree = "<group>";
		};
		6CBD34ED2566D52C009053D1 /* TakeawayTest */ = {
			isa = PBXGroup;
			children = (
				6CBD35252566D73A009053D1 /* Scenes */,
				6CBD35302566DE98009053D1 /* SupportingFiles */,
				6C2501B82566DF6B003B7C0F /* Navigation */,
				6C7B1B6725670405008DE835 /* Components */,
				6CBD35222566D709009053D1 /* Extensions */,
			);
			path = TakeawayTest;
			sourceTree = "<group>";
		};
		6CBD35042566D52D009053D1 /* TakeawayTestTests */ = {
			isa = PBXGroup;
			children = (
				6CA243EB256A027C00FC4E7A /* RestaurantsViewModelTests.swift */,
				6CBD35072566D52D009053D1 /* Info.plist */,
			);
			path = TakeawayTestTests;
			sourceTree = "<group>";
		};
		6CBD350F2566D52D009053D1 /* TakeawayTestUITests */ = {
			isa = PBXGroup;
			children = (
				6CBD35102566D52D009053D1 /* TakeawayTestUITests.swift */,
				6CBD35122566D52D009053D1 /* Info.plist */,
			);
			path = TakeawayTestUITests;
			sourceTree = "<group>";
		};
		6CBD35222566D709009053D1 /* Extensions */ = {
			isa = PBXGroup;
			children = (
				6CBD35232566D72A009053D1 /* TableView+Cell.swift */,
				6C2501BD2566E028003B7C0F /* Data+Codable.swift */,
				6C2501C12566E050003B7C0F /* Bundle+Decoder.swift */,
				6C2501C32566E092003B7C0F /* NetworkError.swift */,
				6C7B1B652566FA03008DE835 /* UIViewController+Error.swift */,
				6C7B1B6A25670A52008DE835 /* UIView+Constrains.swift */,
				6C7B1B6C256716B0008DE835 /* NSAttributedString+Image.swift */,
				6C7B1B6E2567254F008DE835 /* UIView+Layer.swift */,
				6C00AAE725681062003A9159 /* Double+Formatting.swift */,
			);
			path = Extensions;
			sourceTree = "<group>";
		};
		6CBD35252566D73A009053D1 /* Scenes */ = {
			isa = PBXGroup;
			children = (
				6C7B1B742567394F008DE835 /* RestaurantsList */,
				6C7B1B7525673973008DE835 /* Filter */,
			);
			path = Scenes;
			sourceTree = "<group>";
		};
		6CBD35302566DE98009053D1 /* SupportingFiles */ = {
			isa = PBXGroup;
			children = (
				6CBD34EE2566D52C009053D1 /* AppDelegate.swift */,
				6CBD34F02566D52C009053D1 /* SceneDelegate.swift */,
				6CBD34F42566D52D009053D1 /* Assets.xcassets */,
				6CBD34F92566D52D009053D1 /* LaunchScreen.storyboard */,
				6CBD34FC2566D52D009053D1 /* Info.plist */,
			);
			path = SupportingFiles;
			sourceTree = "<group>";
		};
/* End PBXGroup section */

/* Begin PBXNativeTarget section */
		6CBD34EA2566D52C009053D1 /* TakeawayTest */ = {
			isa = PBXNativeTarget;
			buildConfigurationList = 6CBD35152566D52D009053D1 /* Build configuration list for PBXNativeTarget "TakeawayTest" */;
			buildPhases = (
				6F0C7C5B5CF5ACFE0D4A3DB6 /* [CP] Check Pods Manifest.lock */,
				6CBD34E72566D52C009053D1 /* Sources */,
				6CBD34E82566D52C009053D1 /* Frameworks */,
				6CBD34E92566D52C009053D1 /* Resources */,
				6C2501C72566E45C003B7C0F /* SwiftLint */,
				307DE29F52D07EF310A2E83E /* [CP] Embed Pods Frameworks */,
			);
			buildRules = (
			);
			dependencies = (
			);
			name = TakeawayTest;
			productName = TakeawayTest;
			productReference = 6CBD34EB2566D52C009053D1 /* TakeawayTest.app */;
			productType = "com.apple.product-type.application";
		};
		6CBD35002566D52D009053D1 /* TakeawayTestTests */ = {
			isa = PBXNativeTarget;
			buildConfigurationList = 6CBD35182566D52D009053D1 /* Build configuration list for PBXNativeTarget "TakeawayTestTests" */;
			buildPhases = (
				FB6EA5D4A0005846D9EF61A2 /* [CP] Check Pods Manifest.lock */,
				6CBD34FD2566D52D009053D1 /* Sources */,
				6CBD34FE2566D52D009053D1 /* Frameworks */,
				6CBD34FF2566D52D009053D1 /* Resources */,
				BD59CDDC6F1A9709928929AA /* [CP] Embed Pods Frameworks */,
			);
			buildRules = (
			);
			dependencies = (
				6CBD35032566D52D009053D1 /* PBXTargetDependency */,
			);
			name = TakeawayTestTests;
			productName = TakeawayTestTests;
			productReference = 6CBD35012566D52D009053D1 /* TakeawayTestTests.xctest */;
			productType = "com.apple.product-type.bundle.unit-test";
		};
		6CBD350B2566D52D009053D1 /* TakeawayTestUITests */ = {
			isa = PBXNativeTarget;
			buildConfigurationList = 6CBD351B2566D52D009053D1 /* Build configuration list for PBXNativeTarget "TakeawayTestUITests" */;
			buildPhases = (
				1D059A760B17AF12ED66EA66 /* [CP] Check Pods Manifest.lock */,
				6CBD35082566D52D009053D1 /* Sources */,
				6CBD35092566D52D009053D1 /* Frameworks */,
				6CBD350A2566D52D009053D1 /* Resources */,
				0C15B518A296B9E7FC48247B /* [CP] Embed Pods Frameworks */,
			);
			buildRules = (
			);
			dependencies = (
				6CBD350E2566D52D009053D1 /* PBXTargetDependency */,
			);
			name = TakeawayTestUITests;
			productName = TakeawayTestUITests;
			productReference = 6CBD350C2566D52D009053D1 /* TakeawayTestUITests.xctest */;
			productType = "com.apple.product-type.bundle.ui-testing";
		};
/* End PBXNativeTarget section */

/* Begin PBXProject section */
		6CBD34E32566D52C009053D1 /* Project object */ = {
			isa = PBXProject;
			attributes = {
				LastSwiftUpdateCheck = 1150;
				LastUpgradeCheck = 1150;
				ORGANIZATIONNAME = abuzeid;
				TargetAttributes = {
					6CBD34EA2566D52C009053D1 = {
						CreatedOnToolsVersion = 11.5;
					};
					6CBD35002566D52D009053D1 = {
						CreatedOnToolsVersion = 11.5;
						TestTargetID = 6CBD34EA2566D52C009053D1;
					};
					6CBD350B2566D52D009053D1 = {
						CreatedOnToolsVersion = 11.5;
						TestTargetID = 6CBD34EA2566D52C009053D1;
					};
				};
			};
			buildConfigurationList = 6CBD34E62566D52C009053D1 /* Build configuration list for PBXProject "TakeawayTest" */;
			compatibilityVersion = "Xcode 9.3";
			developmentRegion = en;
			hasScannedForEncodings = 0;
			knownRegions = (
				en,
				Base,
			);
			mainGroup = 6CBD34E22566D52C009053D1;
			productRefGroup = 6CBD34EC2566D52C009053D1 /* Products */;
			projectDirPath = "";
			projectRoot = "";
			targets = (
				6CBD34EA2566D52C009053D1 /* TakeawayTest */,
				6CBD35002566D52D009053D1 /* TakeawayTestTests */,
				6CBD350B2566D52D009053D1 /* TakeawayTestUITests */,
			);
		};
/* End PBXProject section */

/* Begin PBXResourcesBuildPhase section */
		6CBD34E92566D52C009053D1 /* Resources */ = {
			isa = PBXResourcesBuildPhase;
			buildActionMask = 2147483647;
			files = (
				6CBD34FB2566D52D009053D1 /* LaunchScreen.storyboard in Resources */,
				6C2501BA2566DF9D003B7C0F /* RestaurantsData.json in Resources */,
				6CBD35292566D772009053D1 /* RestaurantTableCell.xib in Resources */,
				6CBD34F52566D52D009053D1 /* Assets.xcassets in Resources */,
			);
			runOnlyForDeploymentPostprocessing = 0;
		};
		6CBD34FF2566D52D009053D1 /* Resources */ = {
			isa = PBXResourcesBuildPhase;
			buildActionMask = 2147483647;
			files = (
			);
			runOnlyForDeploymentPostprocessing = 0;
		};
		6CBD350A2566D52D009053D1 /* Resources */ = {
			isa = PBXResourcesBuildPhase;
			buildActionMask = 2147483647;
			files = (
			);
			runOnlyForDeploymentPostprocessing = 0;
		};
/* End PBXResourcesBuildPhase section */

/* Begin PBXShellScriptBuildPhase section */
		0C15B518A296B9E7FC48247B /* [CP] Embed Pods Frameworks */ = {
			isa = PBXShellScriptBuildPhase;
			buildActionMask = 2147483647;
			files = (
			);
			inputFileListPaths = (
				"${PODS_ROOT}/Target Support Files/Pods-TakeawayTest-TakeawayTestUITests/Pods-TakeawayTest-TakeawayTestUITests-frameworks-${CONFIGURATION}-input-files.xcfilelist",
			);
			name = "[CP] Embed Pods Frameworks";
			outputFileListPaths = (
				"${PODS_ROOT}/Target Support Files/Pods-TakeawayTest-TakeawayTestUITests/Pods-TakeawayTest-TakeawayTestUITests-frameworks-${CONFIGURATION}-output-files.xcfilelist",
			);
			runOnlyForDeploymentPostprocessing = 0;
			shellPath = /bin/sh;
			shellScript = "\"${PODS_ROOT}/Target Support Files/Pods-TakeawayTest-TakeawayTestUITests/Pods-TakeawayTest-TakeawayTestUITests-frameworks.sh\"\n";
			showEnvVarsInLog = 0;
		};
		1D059A760B17AF12ED66EA66 /* [CP] Check Pods Manifest.lock */ = {
			isa = PBXShellScriptBuildPhase;
			buildActionMask = 2147483647;
			files = (
			);
			inputFileListPaths = (
			);
			inputPaths = (
				"${PODS_PODFILE_DIR_PATH}/Podfile.lock",
				"${PODS_ROOT}/Manifest.lock",
			);
			name = "[CP] Check Pods Manifest.lock";
			outputFileListPaths = (
			);
			outputPaths = (
				"$(DERIVED_FILE_DIR)/Pods-TakeawayTest-TakeawayTestUITests-checkManifestLockResult.txt",
			);
			runOnlyForDeploymentPostprocessing = 0;
			shellPath = /bin/sh;
			shellScript = "diff \"${PODS_PODFILE_DIR_PATH}/Podfile.lock\" \"${PODS_ROOT}/Manifest.lock\" > /dev/null\nif [ $? != 0 ] ; then\n    # print error to STDERR\n    echo \"error: The sandbox is not in sync with the Podfile.lock. Run 'pod install' or update your CocoaPods installation.\" >&2\n    exit 1\nfi\n# This output is used by Xcode 'outputs' to avoid re-running this script phase.\necho \"SUCCESS\" > \"${SCRIPT_OUTPUT_FILE_0}\"\n";
			showEnvVarsInLog = 0;
		};
		307DE29F52D07EF310A2E83E /* [CP] Embed Pods Frameworks */ = {
			isa = PBXShellScriptBuildPhase;
			buildActionMask = 2147483647;
			files = (
			);
			inputFileListPaths = (
				"${PODS_ROOT}/Target Support Files/Pods-TakeawayTest/Pods-TakeawayTest-frameworks-${CONFIGURATION}-input-files.xcfilelist",
			);
			name = "[CP] Embed Pods Frameworks";
			outputFileListPaths = (
				"${PODS_ROOT}/Target Support Files/Pods-TakeawayTest/Pods-TakeawayTest-frameworks-${CONFIGURATION}-output-files.xcfilelist",
			);
			runOnlyForDeploymentPostprocessing = 0;
			shellPath = /bin/sh;
			shellScript = "\"${PODS_ROOT}/Target Support Files/Pods-TakeawayTest/Pods-TakeawayTest-frameworks.sh\"\n";
			showEnvVarsInLog = 0;
		};
		6C2501C72566E45C003B7C0F /* SwiftLint */ = {
			isa = PBXShellScriptBuildPhase;
			buildActionMask = 8;
			files = (
			);
			inputFileListPaths = (
			);
			inputPaths = (
			);
			name = SwiftLint;
			outputFileListPaths = (
			);
			outputPaths = (
			);
			runOnlyForDeploymentPostprocessing = 1;
			shellPath = /bin/sh;
			shellScript = "if which swiftlint >/dev/null; then\n  swiftlint\nelse\n  echo \"warning: SwiftLint not installed, download from https://github.com/realm/SwiftLint\"\nfi\n";
		};
		6F0C7C5B5CF5ACFE0D4A3DB6 /* [CP] Check Pods Manifest.lock */ = {
			isa = PBXShellScriptBuildPhase;
			buildActionMask = 2147483647;
			files = (
			);
			inputFileListPaths = (
			);
			inputPaths = (
				"${PODS_PODFILE_DIR_PATH}/Podfile.lock",
				"${PODS_ROOT}/Manifest.lock",
			);
			name = "[CP] Check Pods Manifest.lock";
			outputFileListPaths = (
			);
			outputPaths = (
				"$(DERIVED_FILE_DIR)/Pods-TakeawayTest-checkManifestLockResult.txt",
			);
			runOnlyForDeploymentPostprocessing = 0;
			shellPath = /bin/sh;
			shellScript = "diff \"${PODS_PODFILE_DIR_PATH}/Podfile.lock\" \"${PODS_ROOT}/Manifest.lock\" > /dev/null\nif [ $? != 0 ] ; then\n    # print error to STDERR\n    echo \"error: The sandbox is not in sync with the Podfile.lock. Run 'pod install' or update your CocoaPods installation.\" >&2\n    exit 1\nfi\n# This output is used by Xcode 'outputs' to avoid re-running this script phase.\necho \"SUCCESS\" > \"${SCRIPT_OUTPUT_FILE_0}\"\n";
			showEnvVarsInLog = 0;
		};
		BD59CDDC6F1A9709928929AA /* [CP] Embed Pods Frameworks */ = {
			isa = PBXShellScriptBuildPhase;
			buildActionMask = 2147483647;
			files = (
			);
			inputFileListPaths = (
				"${PODS_ROOT}/Target Support Files/Pods-TakeawayTestTests/Pods-TakeawayTestTests-frameworks-${CONFIGURATION}-input-files.xcfilelist",
			);
			name = "[CP] Embed Pods Frameworks";
			outputFileListPaths = (
				"${PODS_ROOT}/Target Support Files/Pods-TakeawayTestTests/Pods-TakeawayTestTests-frameworks-${CONFIGURATION}-output-files.xcfilelist",
			);
			runOnlyForDeploymentPostprocessing = 0;
			shellPath = /bin/sh;
			shellScript = "\"${PODS_ROOT}/Target Support Files/Pods-TakeawayTestTests/Pods-TakeawayTestTests-frameworks.sh\"\n";
			showEnvVarsInLog = 0;
		};
		FB6EA5D4A0005846D9EF61A2 /* [CP] Check Pods Manifest.lock */ = {
			isa = PBXShellScriptBuildPhase;
			buildActionMask = 2147483647;
			files = (
			);
			inputFileListPaths = (
			);
			inputPaths = (
				"${PODS_PODFILE_DIR_PATH}/Podfile.lock",
				"${PODS_ROOT}/Manifest.lock",
			);
			name = "[CP] Check Pods Manifest.lock";
			outputFileListPaths = (
			);
			outputPaths = (
				"$(DERIVED_FILE_DIR)/Pods-TakeawayTestTests-checkManifestLockResult.txt",
			);
			runOnlyForDeploymentPostprocessing = 0;
			shellPath = /bin/sh;
			shellScript = "diff \"${PODS_PODFILE_DIR_PATH}/Podfile.lock\" \"${PODS_ROOT}/Manifest.lock\" > /dev/null\nif [ $? != 0 ] ; then\n    # print error to STDERR\n    echo \"error: The sandbox is not in sync with the Podfile.lock. Run 'pod install' or update your CocoaPods installation.\" >&2\n    exit 1\nfi\n# This output is used by Xcode 'outputs' to avoid re-running this script phase.\necho \"SUCCESS\" > \"${SCRIPT_OUTPUT_FILE_0}\"\n";
			showEnvVarsInLog = 0;
		};
/* End PBXShellScriptBuildPhase section */

/* Begin PBXSourcesBuildPhase section */
		6CBD34E72566D52C009053D1 /* Sources */ = {
			isa = PBXSourcesBuildPhase;
			buildActionMask = 2147483647;
			files = (
				6C2501BE2566E028003B7C0F /* Data+Codable.swift in Sources */,
				6CF0AE1625673EA7002A1D21 /* SortingCell.swift in Sources */,
				6C2501C42566E092003B7C0F /* NetworkError.swift in Sources */,
				6CA243F1256A039700FC4E7A /* Restaurant+Sorting.swift in Sources */,
				6CBD35242566D72A009053D1 /* TableView+Cell.swift in Sources */,
				6CBD352D2566DDC2009053D1 /* AppNavigator.swift in Sources */,
				6CBD352B2566D8E7009053D1 /* RestaurantsViewModel.swift in Sources */,
				6C2501C62566E111003B7C0F /* Restaurant.swift in Sources */,
				6CBD35282566D772009053D1 /* RestaurantTableCell.swift in Sources */,
				6C2501C22566E050003B7C0F /* Bundle+Decoder.swift in Sources */,
				6C7B1B6B25670A52008DE835 /* UIView+Constrains.swift in Sources */,
				6C7B1B662566FA03008DE835 /* UIViewController+Error.swift in Sources */,
				6C7B1B7725673990008DE835 /* SortingController.swift in Sources */,
				6C00AAE825681062003A9159 /* Double+Formatting.swift in Sources */,
				6CA243EE256A02D900FC4E7A /* ActivityIndicatorView.swift in Sources */,
				6C7B1B73256736DB008DE835 /* Action.swift in Sources */,
				6C7B1B6D256716B0008DE835 /* NSAttributedString+Image.swift in Sources */,
				6CBD352F2566DDD8009053D1 /* Destination.swift in Sources */,
				6C7B1B6925670460008DE835 /* RatingBar.swift in Sources */,
				6C7B1B6F2567254F008DE835 /* UIView+Layer.swift in Sources */,
				6C7B1B7125672614008DE835 /* PaddingLabel.swift in Sources */,
				6C2501C02566E043003B7C0F /* Logger.swift in Sources */,
				6CBD34EF2566D52C009053D1 /* AppDelegate.swift in Sources */,
				6C2501BC2566DFCF003B7C0F /* RestaurantsLocalLoader.swift in Sources */,
				6CBD351F2566D61D009053D1 /* RestaurantsTableController.swift in Sources */,
				6CBD34F12566D52C009053D1 /* SceneDelegate.swift in Sources */,
			);
			runOnlyForDeploymentPostprocessing = 0;
		};
		6CBD34FD2566D52D009053D1 /* Sources */ = {
			isa = PBXSourcesBuildPhase;
			buildActionMask = 2147483647;
			files = (
				6CA243EC256A027C00FC4E7A /* RestaurantsViewModelTests.swift in Sources */,
			);
			runOnlyForDeploymentPostprocessing = 0;
		};
		6CBD35082566D52D009053D1 /* Sources */ = {
			isa = PBXSourcesBuildPhase;
			buildActionMask = 2147483647;
			files = (
				6CBD35112566D52D009053D1 /* TakeawayTestUITests.swift in Sources */,
			);
			runOnlyForDeploymentPostprocessing = 0;
		};
/* End PBXSourcesBuildPhase section */

/* Begin PBXTargetDependency section */
		6CBD35032566D52D009053D1 /* PBXTargetDependency */ = {
			isa = PBXTargetDependency;
			target = 6CBD34EA2566D52C009053D1 /* TakeawayTest */;
			targetProxy = 6CBD35022566D52D009053D1 /* PBXContainerItemProxy */;
		};
		6CBD350E2566D52D009053D1 /* PBXTargetDependency */ = {
			isa = PBXTargetDependency;
			target = 6CBD34EA2566D52C009053D1 /* TakeawayTest */;
			targetProxy = 6CBD350D2566D52D009053D1 /* PBXContainerItemProxy */;
		};
/* End PBXTargetDependency section */

/* Begin PBXVariantGroup section */
		6CBD34F92566D52D009053D1 /* LaunchScreen.storyboard */ = {
			isa = PBXVariantGroup;
			children = (
				6CBD34FA2566D52D009053D1 /* Base */,
			);
			name = LaunchScreen.storyboard;
			sourceTree = "<group>";
		};
/* End PBXVariantGroup section */

/* Begin XCBuildConfiguration section */
		6CBD35132566D52D009053D1 /* Debug */ = {
			isa = XCBuildConfiguration;
			buildSettings = {
				ALWAYS_SEARCH_USER_PATHS = NO;
				CLANG_ANALYZER_NONNULL = YES;
				CLANG_ANALYZER_NUMBER_OBJECT_CONVERSION = YES_AGGRESSIVE;
				CLANG_CXX_LANGUAGE_STANDARD = "gnu++14";
				CLANG_CXX_LIBRARY = "libc++";
				CLANG_ENABLE_MODULES = YES;
				CLANG_ENABLE_OBJC_ARC = YES;
				CLANG_ENABLE_OBJC_WEAK = YES;
				CLANG_WARN_BLOCK_CAPTURE_AUTORELEASING = YES;
				CLANG_WARN_BOOL_CONVERSION = YES;
				CLANG_WARN_COMMA = YES;
				CLANG_WARN_CONSTANT_CONVERSION = YES;
				CLANG_WARN_DEPRECATED_OBJC_IMPLEMENTATIONS = YES;
				CLANG_WARN_DIRECT_OBJC_ISA_USAGE = YES_ERROR;
				CLANG_WARN_DOCUMENTATION_COMMENTS = YES;
				CLANG_WARN_EMPTY_BODY = YES;
				CLANG_WARN_ENUM_CONVERSION = YES;
				CLANG_WARN_INFINITE_RECURSION = YES;
				CLANG_WARN_INT_CONVERSION = YES;
				CLANG_WARN_NON_LITERAL_NULL_CONVERSION = YES;
				CLANG_WARN_OBJC_IMPLICIT_RETAIN_SELF = YES;
				CLANG_WARN_OBJC_LITERAL_CONVERSION = YES;
				CLANG_WARN_OBJC_ROOT_CLASS = YES_ERROR;
				CLANG_WARN_RANGE_LOOP_ANALYSIS = YES;
				CLANG_WARN_STRICT_PROTOTYPES = YES;
				CLANG_WARN_SUSPICIOUS_MOVE = YES;
				CLANG_WARN_UNGUARDED_AVAILABILITY = YES_AGGRESSIVE;
				CLANG_WARN_UNREACHABLE_CODE = YES;
				CLANG_WARN__DUPLICATE_METHOD_MATCH = YES;
				COPY_PHASE_STRIP = NO;
				DEBUG_INFORMATION_FORMAT = dwarf;
				ENABLE_STRICT_OBJC_MSGSEND = YES;
				ENABLE_TESTABILITY = YES;
				GCC_C_LANGUAGE_STANDARD = gnu11;
				GCC_DYNAMIC_NO_PIC = NO;
				GCC_NO_COMMON_BLOCKS = YES;
				GCC_OPTIMIZATION_LEVEL = 0;
				GCC_PREPROCESSOR_DEFINITIONS = (
					"DEBUG=1",
					"$(inherited)",
				);
				GCC_WARN_64_TO_32_BIT_CONVERSION = YES;
				GCC_WARN_ABOUT_RETURN_TYPE = YES_ERROR;
				GCC_WARN_UNDECLARED_SELECTOR = YES;
				GCC_WARN_UNINITIALIZED_AUTOS = YES_AGGRESSIVE;
				GCC_WARN_UNUSED_FUNCTION = YES;
				GCC_WARN_UNUSED_VARIABLE = YES;
				IPHONEOS_DEPLOYMENT_TARGET = 13.0;
				MTL_ENABLE_DEBUG_INFO = INCLUDE_SOURCE;
				MTL_FAST_MATH = YES;
				ONLY_ACTIVE_ARCH = YES;
				SDKROOT = iphoneos;
				SWIFT_ACTIVE_COMPILATION_CONDITIONS = DEBUG;
				SWIFT_OPTIMIZATION_LEVEL = "-Onone";
			};
			name = Debug;
		};
		6CBD35142566D52D009053D1 /* Release */ = {
			isa = XCBuildConfiguration;
			buildSettings = {
				ALWAYS_SEARCH_USER_PATHS = NO;
				CLANG_ANALYZER_NONNULL = YES;
				CLANG_ANALYZER_NUMBER_OBJECT_CONVERSION = YES_AGGRESSIVE;
				CLANG_CXX_LANGUAGE_STANDARD = "gnu++14";
				CLANG_CXX_LIBRARY = "libc++";
				CLANG_ENABLE_MODULES = YES;
				CLANG_ENABLE_OBJC_ARC = YES;
				CLANG_ENABLE_OBJC_WEAK = YES;
				CLANG_WARN_BLOCK_CAPTURE_AUTORELEASING = YES;
				CLANG_WARN_BOOL_CONVERSION = YES;
				CLANG_WARN_COMMA = YES;
				CLANG_WARN_CONSTANT_CONVERSION = YES;
				CLANG_WARN_DEPRECATED_OBJC_IMPLEMENTATIONS = YES;
				CLANG_WARN_DIRECT_OBJC_ISA_USAGE = YES_ERROR;
				CLANG_WARN_DOCUMENTATION_COMMENTS = YES;
				CLANG_WARN_EMPTY_BODY = YES;
				CLANG_WARN_ENUM_CONVERSION = YES;
				CLANG_WARN_INFINITE_RECURSION = YES;
				CLANG_WARN_INT_CONVERSION = YES;
				CLANG_WARN_NON_LITERAL_NULL_CONVERSION = YES;
				CLANG_WARN_OBJC_IMPLICIT_RETAIN_SELF = YES;
				CLANG_WARN_OBJC_LITERAL_CONVERSION = YES;
				CLANG_WARN_OBJC_ROOT_CLASS = YES_ERROR;
				CLANG_WARN_RANGE_LOOP_ANALYSIS = YES;
				CLANG_WARN_STRICT_PROTOTYPES = YES;
				CLANG_WARN_SUSPICIOUS_MOVE = YES;
				CLANG_WARN_UNGUARDED_AVAILABILITY = YES_AGGRESSIVE;
				CLANG_WARN_UNREACHABLE_CODE = YES;
				CLANG_WARN__DUPLICATE_METHOD_MATCH = YES;
				COPY_PHASE_STRIP = NO;
				DEBUG_INFORMATION_FORMAT = "dwarf-with-dsym";
				ENABLE_NS_ASSERTIONS = NO;
				ENABLE_STRICT_OBJC_MSGSEND = YES;
				GCC_C_LANGUAGE_STANDARD = gnu11;
				GCC_NO_COMMON_BLOCKS = YES;
				GCC_WARN_64_TO_32_BIT_CONVERSION = YES;
				GCC_WARN_ABOUT_RETURN_TYPE = YES_ERROR;
				GCC_WARN_UNDECLARED_SELECTOR = YES;
				GCC_WARN_UNINITIALIZED_AUTOS = YES_AGGRESSIVE;
				GCC_WARN_UNUSED_FUNCTION = YES;
				GCC_WARN_UNUSED_VARIABLE = YES;
				IPHONEOS_DEPLOYMENT_TARGET = 13.0;
				MTL_ENABLE_DEBUG_INFO = NO;
				MTL_FAST_MATH = YES;
				SDKROOT = iphoneos;
				SWIFT_COMPILATION_MODE = wholemodule;
				SWIFT_OPTIMIZATION_LEVEL = "-O";
				VALIDATE_PRODUCT = YES;
			};
			name = Release;
		};
		6CBD35162566D52D009053D1 /* Debug */ = {
			isa = XCBuildConfiguration;
			baseConfigurationReference = 20E3F701E4A5C84A958930EF /* Pods-TakeawayTest.debug.xcconfig */;
			buildSettings = {
				ASSETCATALOG_COMPILER_APPICON_NAME = AppIcon;
				CODE_SIGN_STYLE = Automatic;
				DEVELOPMENT_ASSET_PATHS = "";
				DEVELOPMENT_TEAM = 475YN7ANSF;
				ENABLE_PREVIEWS = YES;
				INFOPLIST_FILE = TakeawayTest/SupportingFiles/Info.plist;
				LD_RUNPATH_SEARCH_PATHS = (
					"$(inherited)",
					"@executable_path/Frameworks",
				);
				PRODUCT_BUNDLE_IDENTIFIER = abozaid.TakeawayTest;
				PRODUCT_NAME = "$(TARGET_NAME)";
				SWIFT_VERSION = 5.0;
				TARGETED_DEVICE_FAMILY = "1,2";
			};
			name = Debug;
		};
		6CBD35172566D52D009053D1 /* Release */ = {
			isa = XCBuildConfiguration;
			baseConfigurationReference = FB2F481E76228A65772C2064 /* Pods-TakeawayTest.release.xcconfig */;
			buildSettings = {
				ASSETCATALOG_COMPILER_APPICON_NAME = AppIcon;
				CODE_SIGN_STYLE = Automatic;
				DEVELOPMENT_ASSET_PATHS = "";
				DEVELOPMENT_TEAM = 475YN7ANSF;
				ENABLE_PREVIEWS = YES;
				INFOPLIST_FILE = TakeawayTest/SupportingFiles/Info.plist;
				LD_RUNPATH_SEARCH_PATHS = (
					"$(inherited)",
					"@executable_path/Frameworks",
				);
				PRODUCT_BUNDLE_IDENTIFIER = abozaid.TakeawayTest;
				PRODUCT_NAME = "$(TARGET_NAME)";
				SWIFT_VERSION = 5.0;
				TARGETED_DEVICE_FAMILY = "1,2";
			};
			name = Release;
		};
		6CBD35192566D52D009053D1 /* Debug */ = {
			isa = XCBuildConfiguration;
			baseConfigurationReference = 270352E20F3A8072F8DED587 /* Pods-TakeawayTestTests.debug.xcconfig */;
			buildSettings = {
				ALWAYS_EMBED_SWIFT_STANDARD_LIBRARIES = YES;
				BUNDLE_LOADER = "$(TEST_HOST)";
				CODE_SIGN_STYLE = Automatic;
				DEVELOPMENT_TEAM = 475YN7ANSF;
				INFOPLIST_FILE = TakeawayTestTests/Info.plist;
				IPHONEOS_DEPLOYMENT_TARGET = 13.5;
				LD_RUNPATH_SEARCH_PATHS = (
					"$(inherited)",
					"@executable_path/Frameworks",
					"@loader_path/Frameworks",
				);
				PRODUCT_BUNDLE_IDENTIFIER = abozaid.TakeawayTestTests;
				PRODUCT_NAME = "$(TARGET_NAME)";
				SWIFT_VERSION = 5.0;
				TARGETED_DEVICE_FAMILY = "1,2";
				TEST_HOST = "$(BUILT_PRODUCTS_DIR)/TakeawayTest.app/TakeawayTest";
			};
			name = Debug;
		};
		6CBD351A2566D52D009053D1 /* Release */ = {
			isa = XCBuildConfiguration;
			baseConfigurationReference = A2303EEBDC94EBF81B43FD8A /* Pods-TakeawayTestTests.release.xcconfig */;
			buildSettings = {
				ALWAYS_EMBED_SWIFT_STANDARD_LIBRARIES = YES;
				BUNDLE_LOADER = "$(TEST_HOST)";
				CODE_SIGN_STYLE = Automatic;
				DEVELOPMENT_TEAM = 475YN7ANSF;
				INFOPLIST_FILE = TakeawayTestTests/Info.plist;
				IPHONEOS_DEPLOYMENT_TARGET = 13.5;
				LD_RUNPATH_SEARCH_PATHS = (
					"$(inherited)",
					"@executable_path/Frameworks",
					"@loader_path/Frameworks",
				);
				PRODUCT_BUNDLE_IDENTIFIER = abozaid.TakeawayTestTests;
				PRODUCT_NAME = "$(TARGET_NAME)";
				SWIFT_VERSION = 5.0;
				TARGETED_DEVICE_FAMILY = "1,2";
				TEST_HOST = "$(BUILT_PRODUCTS_DIR)/TakeawayTest.app/TakeawayTest";
			};
			name = Release;
		};
		6CBD351C2566D52D009053D1 /* Debug */ = {
			isa = XCBuildConfiguration;
			baseConfigurationReference = 8F223D54CA58C58F92A2EEC0 /* Pods-TakeawayTest-TakeawayTestUITests.debug.xcconfig */;
			buildSettings = {
				ALWAYS_EMBED_SWIFT_STANDARD_LIBRARIES = YES;
				CODE_SIGN_STYLE = Automatic;
				DEVELOPMENT_TEAM = 475YN7ANSF;
				INFOPLIST_FILE = TakeawayTestUITests/Info.plist;
				LD_RUNPATH_SEARCH_PATHS = (
					"$(inherited)",
					"@executable_path/Frameworks",
					"@loader_path/Frameworks",
				);
				PRODUCT_BUNDLE_IDENTIFIER = abozaid.TakeawayTestUITests;
				PRODUCT_NAME = "$(TARGET_NAME)";
				SWIFT_VERSION = 5.0;
				TARGETED_DEVICE_FAMILY = "1,2";
				TEST_TARGET_NAME = TakeawayTest;
			};
			name = Debug;
		};
		6CBD351D2566D52D009053D1 /* Release */ = {
			isa = XCBuildConfiguration;
			baseConfigurationReference = D1A24AF47F6E35D74472E5E2 /* Pods-TakeawayTest-TakeawayTestUITests.release.xcconfig */;
			buildSettings = {
				ALWAYS_EMBED_SWIFT_STANDARD_LIBRARIES = YES;
				CODE_SIGN_STYLE = Automatic;
				DEVELOPMENT_TEAM = 475YN7ANSF;
				INFOPLIST_FILE = TakeawayTestUITests/Info.plist;
				LD_RUNPATH_SEARCH_PATHS = (
					"$(inherited)",
					"@executable_path/Frameworks",
					"@loader_path/Frameworks",
				);
				PRODUCT_BUNDLE_IDENTIFIER = abozaid.TakeawayTestUITests;
				PRODUCT_NAME = "$(TARGET_NAME)";
				SWIFT_VERSION = 5.0;
				TARGETED_DEVICE_FAMILY = "1,2";
				TEST_TARGET_NAME = TakeawayTest;
			};
			name = Release;
		};
/* End XCBuildConfiguration section */

/* Begin XCConfigurationList section */
		6CBD34E62566D52C009053D1 /* Build configuration list for PBXProject "TakeawayTest" */ = {
			isa = XCConfigurationList;
			buildConfigurations = (
				6CBD35132566D52D009053D1 /* Debug */,
				6CBD35142566D52D009053D1 /* Release */,
			);
			defaultConfigurationIsVisible = 0;
			defaultConfigurationName = Release;
		};
		6CBD35152566D52D009053D1 /* Build configuration list for PBXNativeTarget "TakeawayTest" */ = {
			isa = XCConfigurationList;
			buildConfigurations = (
				6CBD35162566D52D009053D1 /* Debug */,
				6CBD35172566D52D009053D1 /* Release */,
			);
			defaultConfigurationIsVisible = 0;
			defaultConfigurationName = Release;
		};
		6CBD35182566D52D009053D1 /* Build configuration list for PBXNativeTarget "TakeawayTestTests" */ = {
			isa = XCConfigurationList;
			buildConfigurations = (
				6CBD35192566D52D009053D1 /* Debug */,
				6CBD351A2566D52D009053D1 /* Release */,
			);
			defaultConfigurationIsVisible = 0;
			defaultConfigurationName = Release;
		};
		6CBD351B2566D52D009053D1 /* Build configuration list for PBXNativeTarget "TakeawayTestUITests" */ = {
			isa = XCConfigurationList;
			buildConfigurations = (
				6CBD351C2566D52D009053D1 /* Debug */,
				6CBD351D2566D52D009053D1 /* Release */,
			);
			defaultConfigurationIsVisible = 0;
			defaultConfigurationName = Release;
		};
/* End XCConfigurationList section */
	};
	rootObject = 6CBD34E32566D52C009053D1 /* Project object */;
}
